
Microsoft Visual Studio Solution File, Format Version 12.00
# Visual Studio Version 17
VisualStudioVersion = 17.3.32811.315
MinimumVisualStudioVersion = 10.0.40219.1
Project("{FAE04EC0-301F-11D3-BF4B-00C04F79EFBC}") = "Day2", "Day2.csproj", "{3B8AA316-CF52-42F9-9918-06C4AF51D5C3}"
EndProject
Global
	GlobalSection(SolutionConfigurationPlatforms) = preSolution
		Debug|Any CPU = Debug|Any CPU
		Release|Any CPU = Release|Any CPU
	EndGlobalSection
	GlobalSection(ProjectConfigurationPlatforms) = postSolution
		{3B8AA316-CF52-42F9-9918-06C4AF51D5C3}.Debug|Any CPU.ActiveCfg = Debug|Any CPU
		{3B8AA316-CF52-42F9-9918-06C4AF51D5C3}.Debug|Any CPU.Build.0 = Debug|Any CPU
		{3B8AA316-CF52-42F9-9918-06C4AF51D5C3}.Release|Any CPU.ActiveCfg = Release|Any CPU
		{3B8AA316-CF52-42F9-9918-06C4AF51D5C3}.Release|Any CPU.Build.0 = Release|Any CPU
	EndGlobalSection
	GlobalSection(SolutionProperties) = preSolution
		HideSolutionNode = FALSE
	EndGlobalSection
	GlobalSection(ExtensibilityGlobals) = postSolution
		SolutionGuid = {3A1C372F-7EE0-4DF1-AE3D-0B07025DF0F8}
	EndGlobalSection
EndGlobal
